
Microsoft Visual Studio Solution File, Format Version 12.00
# Visual Studio 14
VisualStudioVersion = 14.0.25420.1
MinimumVisualStudioVersion = 10.0.40219.1
Project("{FAE04EC0-301F-11D3-BF4B-00C04F79EFBC}") = "Grabacion", "Grabacion\Grabacion.csproj", "{8C7EE3AA-AEE2-44D5-9A95-88EC615C9931}"
EndProject
Project("{2150E333-8FDC-42A3-9474-1A3956D46DE8}") = "graficos", "graficos", "{82B427E4-4682-4C76-895B-D6DC3E7C9220}"
	ProjectSection(SolutionItems) = preProject
		..\..\..\Downloads\Accordion Hero_ Ramón Ayala\Botones\Blue.png = ..\..\..\Downloads\Accordion Hero_ Ramón Ayala\Botones\Blue.png
		..\..\..\Downloads\Accordion Hero_ Ramón Ayala\Botones\Green.png = ..\..\..\Downloads\Accordion Hero_ Ramón Ayala\Botones\Green.png
		..\..\..\Downloads\Accordion Hero_ Ramón Ayala\Botones\NotaEspecial.png = ..\..\..\Downloads\Accordion Hero_ Ramón Ayala\Botones\NotaEspecial.png
		..\..\..\Downloads\Accordion Hero_ Ramón Ayala\Botones\Orange.png = ..\..\..\Downloads\Accordion Hero_ Ramón Ayala\Botones\Orange.png
		..\..\..\Downloads\Accordion Hero_ Ramón Ayala\Botones\Pink.png = ..\..\..\Downloads\Accordion Hero_ Ramón Ayala\Botones\Pink.png
		..\..\..\Downloads\Accordion Hero_ Ramón Ayala\Botones\Purple.png = ..\..\..\Downloads\Accordion Hero_ Ramón Ayala\Botones\Purple.png
		..\..\..\Downloads\Accordion Hero_ Ramón Ayala\Botones\Red.png = ..\..\..\Downloads\Accordion Hero_ Ramón Ayala\Botones\Red.png
		..\..\..\Downloads\Accordion Hero_ Ramón Ayala\Botones\Yellow.png = ..\..\..\Downloads\Accordion Hero_ Ramón Ayala\Botones\Yellow.png
	EndProjectSection
EndProject
Global
	GlobalSection(SolutionConfigurationPlatforms) = preSolution
		Debug|Any CPU = Debug|Any CPU
		Release|Any CPU = Release|Any CPU
	EndGlobalSection
	GlobalSection(ProjectConfigurationPlatforms) = postSolution
		{8C7EE3AA-AEE2-44D5-9A95-88EC615C9931}.Debug|Any CPU.ActiveCfg = Debug|Any CPU
		{8C7EE3AA-AEE2-44D5-9A95-88EC615C9931}.Debug|Any CPU.Build.0 = Debug|Any CPU
		{8C7EE3AA-AEE2-44D5-9A95-88EC615C9931}.Release|Any CPU.ActiveCfg = Release|Any CPU
		{8C7EE3AA-AEE2-44D5-9A95-88EC615C9931}.Release|Any CPU.Build.0 = Release|Any CPU
	EndGlobalSection
	GlobalSection(SolutionProperties) = preSolution
		HideSolutionNode = FALSE
	EndGlobalSection
	GlobalSection(ExtensibilityGlobals) = postSolution
		SolutionGuid = {1F27ED9F-3775-47FE-849F-369D90744B09}
	EndGlobalSection
EndGlobal
